{
  "name": "topology-osm2streets",
  "version": "0.0.1",
  "lockfileVersion": 3,
  "requires": true,
  "packages": {
    "": {
      "name": "topology-osm2streets",
      "version": "0.0.1",
      "dependencies": {
        "osm2streets-js": "0.1.4"
      }
    },
    "node_modules/osm2streets-js": {
      "version": "0.1.4",
      "resolved": "https://registry.npmjs.org/osm2streets-js/-/osm2streets-js-0.1.4.tgz",
      "integrity": "sha512-fhog7OA/8ct75n0Fw6RJF6sLKwyXAG2d477NNuBYpvNFwfg7WcQca2n5DsPluxoIQk9oWw0CUzIdaqqx9FEcvw==",
      "license": "Apache-2.0"
    }
  }
}
